
Microsoft Visual Studio Solution File, Format Version 12.00
# Visual Studio Version 17
VisualStudioVersion = 17.5.002.0
MinimumVisualStudioVersion = 10.0.40219.1
Project("{9A19103F-16F7-4668-BE54-9A1E7A4F7556}") = "Palindrome", "Palindrome\Palindrome.csproj", "{CCF45A5B-D13E-45D0-9F2A-70A934C2DDBE}"
EndProject
Global
	GlobalSection(SolutionConfigurationPlatforms) = preSolution
		Debug|Any CPU = Debug|Any CPU
		Release|Any CPU = Release|Any CPU
	EndGlobalSection
	GlobalSection(ProjectConfigurationPlatforms) = postSolution
		{CCF45A5B-D13E-45D0-9F2A-70A934C2DDBE}.Debug|Any CPU.ActiveCfg = Debug|Any CPU
		{CCF45A5B-D13E-45D0-9F2A-70A934C2DDBE}.Debug|Any CPU.Build.0 = Debug|Any CPU
		{CCF45A5B-D13E-45D0-9F2A-70A934C2DDBE}.Release|Any CPU.ActiveCfg = Release|Any CPU
		{CCF45A5B-D13E-45D0-9F2A-70A934C2DDBE}.Release|Any CPU.Build.0 = Release|Any CPU
	EndGlobalSection
	GlobalSection(SolutionProperties) = preSolution
		HideSolutionNode = FALSE
	EndGlobalSection
	GlobalSection(ExtensibilityGlobals) = postSolution
		SolutionGuid = {2887DCA0-3F1C-4508-9DB4-CFA19F957665}
	EndGlobalSection
EndGlobal
