
Microsoft Visual Studio Solution File, Format Version 12.00
# Visual Studio Version 17
VisualStudioVersion = 17.5.002.0
MinimumVisualStudioVersion = 10.0.40219.1
Project("{9A19103F-16F7-4668-BE54-9A1E7A4F7556}") = "youtube-ecommerce-web-api", "youtube-ecommerce-web-api.csproj", "{A585591B-8B6A-461F-B0AD-CA6F024340AD}"
EndProject
Global
	GlobalSection(SolutionConfigurationPlatforms) = preSolution
		Debug|Any CPU = Debug|Any CPU
		Release|Any CPU = Release|Any CPU
	EndGlobalSection
	GlobalSection(ProjectConfigurationPlatforms) = postSolution
		{A585591B-8B6A-461F-B0AD-CA6F024340AD}.Debug|Any CPU.ActiveCfg = Debug|Any CPU
		{A585591B-8B6A-461F-B0AD-CA6F024340AD}.Debug|Any CPU.Build.0 = Debug|Any CPU
		{A585591B-8B6A-461F-B0AD-CA6F024340AD}.Release|Any CPU.ActiveCfg = Release|Any CPU
		{A585591B-8B6A-461F-B0AD-CA6F024340AD}.Release|Any CPU.Build.0 = Release|Any CPU
	EndGlobalSection
	GlobalSection(SolutionProperties) = preSolution
		HideSolutionNode = FALSE
	EndGlobalSection
	GlobalSection(ExtensibilityGlobals) = postSolution
		SolutionGuid = {95CC2E43-D244-4B23-8701-00EEC5FF39DE}
	EndGlobalSection
EndGlobal
